<?xml version="1.0" encoding="utf-8"?>
<Project ToolsVersion="4.0" xmlns="http://schemas.microsoft.com/developer/msbuild/2003">
  <ItemGroup>
    <Filter Include="Archivos de origen">
      <UniqueIdentifier>{4FC737F1-C7A5-4376-A066-2A32D752A2FF}</UniqueIdentifier>
      <Extensions>cpp;c;cc;cxx;def;odl;idl;hpj;bat;asm;asmx</Extensions>
    </Filter>
    <Filter Include="Archivos de encabezado">
      <UniqueIdentifier>{93995380-89BD-4b04-88EB-625FBE52EBFB}</UniqueIdentifier>
      <Extensions>h;hh;hpp;hxx;hm;inl;inc;ipp;xsd</Extensions>
    </Filter>
    <Filter Include="Archivos de recursos">
      <UniqueIdentifier>{67DA6AB6-F800-4c08-8B7A-83BB121AAD01}</UniqueIdentifier>
      <Extensions>rc;ico;cur;bmp;dlg;rc2;rct;bin;rgs;gif;jpg;jpeg;jpe;resx;tiff;tif;png;wav;mfcribbon-ms</Extensions>
    </Filter>
    <Filter Include="Archivos de origen\Persistance">
      <UniqueIdentifier>{f321b46a-c499-40e0-9999-491138ac81f9}</UniqueIdentifier>
    </Filter>
    <Filter Include="Archivos de origen\Serialization">
      <UniqueIdentifier>{8e70f2b3-1fcc-4e58-8b70-900a4134915c}</UniqueIdentifier>
    </Filter>
    <Filter Include="Archivos de origen\TrackerAssets">
      <UniqueIdentifier>{16de742c-5c78-473b-90f4-305ef55a17c4}</UniqueIdentifier>
    </Filter>
    <Filter Include="Archivos de origen\TrackerEvents">
      <UniqueIdentifier>{a752f541-34f7-47c7-8de9-00993540a114}</UniqueIdentifier>
    </Filter>
    <Filter Include="Archivos de origen\Utils">
      <UniqueIdentifier>{e6d8d3cf-726d-43ac-9f0f-fb1900ed9025}</UniqueIdentifier>
    </Filter>
  </ItemGroup>
  <ItemGroup>
    <ClInclude Include="src\include\ConcurrentQueue.h">
      <Filter>Archivos de encabezado</Filter>
    </ClInclude>
    <ClInclude Include="src\include\CSVSerializer.h">
      <Filter>Archivos de encabezado</Filter>
    </ClInclude>
    <ClInclude Include="src\include\FilePersistence.h">
      <Filter>Archivos de encabezado</Filter>
    </ClInclude>
    <ClInclude Include="src\include\IPersistence.h">
      <Filter>Archivos de encabezado</Filter>
    </ClInclude>
    <ClInclude Include="src\include\ISerializer.h">
      <Filter>Archivos de encabezado</Filter>
    </ClInclude>
    <ClInclude Include="src\include\ITrackerAsset.h">
      <Filter>Archivos de encabezado</Filter>
    </ClInclude>
    <ClInclude Include="src\include\JSONSerializer.h">
      <Filter>Archivos de encabezado</Filter>
    </ClInclude>
    <ClInclude Include="src\include\ProgressionEvent.h">
      <Filter>Archivos de encabezado</Filter>
    </ClInclude>
    <ClInclude Include="src\include\ProgressionTracker.h">
      <Filter>Archivos de encabezado</Filter>
    </ClInclude>
    <ClInclude Include="src\include\ServerPersistence.h">
      <Filter>Archivos de encabezado</Filter>
    </ClInclude>
    <ClInclude Include="src\include\Tracker.h">
      <Filter>Archivos de encabezado</Filter>
    </ClInclude>
    <ClInclude Include="src\include\TrackerExports.h">
      <Filter>Archivos de encabezado</Filter>
    </ClInclude>
    <ClInclude Include="src\include\TrackerEvent.h">
      <Filter>Archivos de encabezado</Filter>
    </ClInclude>
    <ClInclude Include="src\include\InstantaneousEvent.h">
      <Filter>Archivos de encabezado</Filter>
    </ClInclude>
    <ClInclude Include="src\include\SamplingEvent.h">
      <Filter>Archivos de encabezado</Filter>
    </ClInclude>
    <ClInclude Include="src\include\TimeBasedEvent.h">
      <Filter>Archivos de encabezado</Filter>
    </ClInclude>
    <ClInclude Include="src\include\md5Hash.h">
      <Filter>Archivos de encabezado</Filter>
    </ClInclude>
    <ClInclude Include="src\include\machineID.h">
      <Filter>Archivos de encabezado</Filter>
    </ClInclude>
    <ClInclude Include="src\include\Utils.h">
      <Filter>Archivos de encabezado</Filter>
    </ClInclude>
    <ClInclude Include="src\include\InstantaneousTracker.h">
      <Filter>Archivos de encabezado</Filter>
    </ClInclude>
    <ClInclude Include="src\include\SamplingTracker.h">
      <Filter>Archivos de encabezado</Filter>
    </ClInclude>
    <ClInclude Include="src\include\TimeBasedTracker.h">
      <Filter>Archivos de encabezado</Filter>
    </ClInclude>
    <ClInclude Include="src\include\Factory.h">
      <Filter>Archivos de encabezado</Filter>
    </ClInclude>
    <ClInclude Include="src\include\httplib.h">
      <Filter>Archivos de encabezado</Filter>
    </ClInclude>
    <ClInclude Include="src\include\Chrono.h">
      <Filter>Archivos de encabezado</Filter>
    </ClInclude>
  </ItemGroup>
  <ItemGroup>
    <ClCompile Include="src\src\TrackerEvents\ProgressionEvent.cpp">
      <Filter>Archivos de origen\TrackerEvents</Filter>
    </ClCompile>
    <ClCompile Include="src\src\TrackerEvents\TrackerEvent.cpp">
      <Filter>Archivos de origen\TrackerEvents</Filter>
    </ClCompile>
    <ClCompile Include="src\src\TrackerAssets\ProgressionTracker.cpp">
      <Filter>Archivos de origen\TrackerAssets</Filter>
    </ClCompile>
    <ClCompile Include="src\src\Serialization\CSVSerializer.cpp">
      <Filter>Archivos de origen\Serialization</Filter>
    </ClCompile>
    <ClCompile Include="src\src\Serialization\JSONSerializer.cpp">
      <Filter>Archivos de origen\Serialization</Filter>
    </ClCompile>
    <ClCompile Include="src\src\Persistance\FilePersistence.cpp">
      <Filter>Archivos de origen\Persistance</Filter>
    </ClCompile>
    <ClCompile Include="src\src\Persistance\ServerPersistence.cpp">
      <Filter>Archivos de origen\Persistance</Filter>
    </ClCompile>
    <ClCompile Include="src\src\Tracker.cpp">
      <Filter>Archivos de origen</Filter>
    </ClCompile>
    <ClCompile Include="src\src\main.cpp">
      <Filter>Archivos de origen</Filter>
    </ClCompile>
    <ClCompile Include="src\src\TrackerEvents\InstantaneousEvent.cpp">
      <Filter>Archivos de origen\TrackerEvents</Filter>
    </ClCompile>
    <ClCompile Include="src\src\TrackerEvents\SamplingEvent.cpp">
      <Filter>Archivos de origen\TrackerEvents</Filter>
    </ClCompile>
    <ClCompile Include="src\src\TrackerEvents\TimeBasedEvent.cpp">
      <Filter>Archivos de origen\TrackerEvents</Filter>
    </ClCompile>
    <ClCompile Include="src\src\TrackerAssets\InstantaneousTracker.cpp">
      <Filter>Archivos de origen\TrackerAssets</Filter>
    </ClCompile>
    <ClCompile Include="src\src\TrackerAssets\SamplingTracker.cpp">
      <Filter>Archivos de origen\TrackerAssets</Filter>
    </ClCompile>
    <ClCompile Include="src\src\Utils\machineID.cpp">
      <Filter>Archivos de origen\Utils</Filter>
    </ClCompile>
    <ClCompile Include="src\src\Utils\md5Hash.cpp">
      <Filter>Archivos de origen\Utils</Filter>
    </ClCompile>
    <ClCompile Include="src\src\Utils\Utils.cpp">
      <Filter>Archivos de origen\Utils</Filter>
    </ClCompile>
    <ClCompile Include="src\src\TrackerAssets\TimeBasedTracker.cpp">
      <Filter>Archivos de origen\TrackerAssets</Filter>
    </ClCompile>
    <ClCompile Include="src\src\Chrono.cpp">
      <Filter>Archivos de origen</Filter>
    </ClCompile>
  </ItemGroup>
</Project>